<?xml version="1.0" encoding="utf-8"?>
<Project ToolsVersion="4.0" xmlns="http://schemas.microsoft.com/developer/msbuild/2003">
  <ItemGroup>
    <ClCompile Include="src\Main.cpp" />
    <ClCompile Include="src\Mybehaviour.cpp" />
    <ClCompile Include="src\MyEntity.cpp" />
  </ItemGroup>
  <ItemGroup>
    <ClInclude Include="src\Mybehaviour.h" />
    <ClInclude Include="src\MyEntity.h" />
  </ItemGroup>
  <ItemGroup>
    <None Include="resources\shaders\basic.vs" />
    <None Include="resources\shaders\basic.fs" />
  </ItemGroup>
</Project>